{
  "name": "CollectionHub",
  "lockfileVersion": 2,
  "requires": true,
  "packages": {
    "": {
      "dependencies": {
        "froala-editor": "^4.0.4"
      }
    },
    "node_modules/froala-editor": {
      "version": "4.0.4",
      "resolved": "https://registry.npmjs.org/froala-editor/-/froala-editor-4.0.4.tgz",
      "integrity": "sha512-0g+ZRh4bDNC3ORevmXoui/+/eMqy2oBvbYn5KAwEyKH/JEGWsvg7MYrLdEjKhdFq8h93nEbmeMrcqsB2Y6Q9kw=="
    }
  },
  "dependencies": {
    "froala-editor": {
      "version": "4.0.4",
      "resolved": "https://registry.npmjs.org/froala-editor/-/froala-editor-4.0.4.tgz",
      "integrity": "sha512-0g+ZRh4bDNC3ORevmXoui/+/eMqy2oBvbYn5KAwEyKH/JEGWsvg7MYrLdEjKhdFq8h93nEbmeMrcqsB2Y6Q9kw=="
    }
  }
}
